{
  "org.apiguardian:apiguardian-api:1.1.2": {
    "apiguardian-api-1.1.2.jar": {
      "url": "https://repo.maven.apache.org/maven2/org/apiguardian/apiguardian-api/1.1.2/apiguardian-api-1.1.2.jar",
      "hash": "sha256-tQlEisUG1gcxnxglN/CzXXEAdYLsdBgyofER5bW3Czg="
    },
    "apiguardian-api-1.1.2.module": {
      "url": "https://repo.maven.apache.org/maven2/org/apiguardian/apiguardian-api/1.1.2/apiguardian-api-1.1.2.module",
      "hash": "sha256-4IAoExN1s1fR0oc06aT7QhbahLJAZByz7358fWKCI/w="
    },
    "apiguardian-api-1.1.2.pom": {
      "url": "https://repo.maven.apache.org/maven2/org/apiguardian/apiguardian-api/1.1.2/apiguardian-api-1.1.2.pom",
      "hash": "sha256-MjVQgdEJCVw9XTdNWkO09MG3XVSemD71ByPidy5TAqA="
    }
  },
  "org.junit:junit-bom:5.10.0": {
    "junit-bom-5.10.0.module": {
      "url": "https://repo.maven.apache.org/maven2/org/junit/junit-bom/5.10.0/junit-bom-5.10.0.module",
      "hash": "sha256-6z7mEnYIAQaUqJgFbnQH0RcpYAOrpfXbgB30MLmIf88="
    },
    "junit-bom-5.10.0.pom": {
      "url": "https://repo.maven.apache.org/maven2/org/junit/junit-bom/5.10.0/junit-bom-5.10.0.pom",
      "hash": "sha256-4AbdiJT5/Ht1/DK7Ev5e2L5lZn1bRU+Z4uC4xbuNMLM="
    }
  },
  "org.junit.jupiter:junit-jupiter:5.10.0": {
    "junit-jupiter-5.10.0.jar": {
      "url": "https://repo.maven.apache.org/maven2/org/junit/jupiter/junit-jupiter/5.10.0/junit-jupiter-5.10.0.jar",
      "hash": "sha256-jkveI+4o/EQ5dWVKeyjEEKO3jWvpa3jJmrc2lew0T3w="
    },
    "junit-jupiter-5.10.0.module": {
      "url": "https://repo.maven.apache.org/maven2/org/junit/jupiter/junit-jupiter/5.10.0/junit-jupiter-5.10.0.module",
      "hash": "sha256-BXDggypUZagvBKK492Hyux4w+v4oLSowmHAV/LBQdgM="
    },
    "junit-jupiter-5.10.0.pom": {
      "url": "https://repo.maven.apache.org/maven2/org/junit/jupiter/junit-jupiter/5.10.0/junit-jupiter-5.10.0.pom",
      "hash": "sha256-9LAPh2BzWmAc6U0sxq0r9WpK30885g7iD1LHDa5bMxM="
    }
  },
  "org.junit.jupiter:junit-jupiter-api:5.10.0": {
    "junit-jupiter-api-5.10.0.jar": {
      "url": "https://repo.maven.apache.org/maven2/org/junit/jupiter/junit-jupiter-api/5.10.0/junit-jupiter-api-5.10.0.jar",
      "hash": "sha256-EICI/X6kao5loM5/XXWuP/eGVgZ3CgeHFfWm5XCeF9g="
    },
    "junit-jupiter-api-5.10.0.module": {
      "url": "https://repo.maven.apache.org/maven2/org/junit/jupiter/junit-jupiter-api/5.10.0/junit-jupiter-api-5.10.0.module",
      "hash": "sha256-rlZhzTgeEJo8NXWzqy3tdHnnvdfOxKqfJtQ3iXNAl5s="
    },
    "junit-jupiter-api-5.10.0.pom": {
      "url": "https://repo.maven.apache.org/maven2/org/junit/jupiter/junit-jupiter-api/5.10.0/junit-jupiter-api-5.10.0.pom",
      "hash": "sha256-Tx3RjtVlgTdJThuDUFN5V994ExxnNYrDw/IM3vKF9xw="
    }
  },
  "org.junit.jupiter:junit-jupiter-engine:5.10.0": {
    "junit-jupiter-engine-5.10.0.jar": {
      "url": "https://repo.maven.apache.org/maven2/org/junit/jupiter/junit-jupiter-engine/5.10.0/junit-jupiter-engine-5.10.0.jar",
      "hash": "sha256-V+pI5veVIAeRBlu8hrcLhM0FNnxcnyrI+SaOJxVMiKg="
    },
    "junit-jupiter-engine-5.10.0.module": {
      "url": "https://repo.maven.apache.org/maven2/org/junit/jupiter/junit-jupiter-engine/5.10.0/junit-jupiter-engine-5.10.0.module",
      "hash": "sha256-ahCFcpBdHtGcAtzQePNMHt6zFVX1RCF24BQYJwCFYmo="
    },
    "junit-jupiter-engine-5.10.0.pom": {
      "url": "https://repo.maven.apache.org/maven2/org/junit/jupiter/junit-jupiter-engine/5.10.0/junit-jupiter-engine-5.10.0.pom",
      "hash": "sha256-tgBsZQiRofdWh1Z2xtj+m0FqwckRfntBg0KdnxU0crU="
    }
  },
  "org.junit.jupiter:junit-jupiter-params:5.10.0": {
    "junit-jupiter-params-5.10.0.jar": {
      "url": "https://repo.maven.apache.org/maven2/org/junit/jupiter/junit-jupiter-params/5.10.0/junit-jupiter-params-5.10.0.jar",
      "hash": "sha256-8lmnMizON1QwwiNqLcsk1KSdIgRbcjrYWviOEXBDkcI="
    },
    "junit-jupiter-params-5.10.0.module": {
      "url": "https://repo.maven.apache.org/maven2/org/junit/jupiter/junit-jupiter-params/5.10.0/junit-jupiter-params-5.10.0.module",
      "hash": "sha256-GW9/Tv35x3OnEEwzn2AlNCuHQvz6sC+IArqAJ+0o+S4="
    },
    "junit-jupiter-params-5.10.0.pom": {
      "url": "https://repo.maven.apache.org/maven2/org/junit/jupiter/junit-jupiter-params/5.10.0/junit-jupiter-params-5.10.0.pom",
      "hash": "sha256-hJpvXnjyuDFLW10KDMymYhblwH4pWFRxJX3/CvrLELE="
    }
  },
  "org.junit.platform:junit-platform-commons:1.10.0": {
    "junit-platform-commons-1.10.0.jar": {
      "url": "https://repo.maven.apache.org/maven2/org/junit/platform/junit-platform-commons/1.10.0/junit-platform-commons-1.10.0.jar",
      "hash": "sha256-YIPbCMoR/KHhYJnQ3P7eAZPYCzdisnY0nYDT2lNnkbI="
    },
    "junit-platform-commons-1.10.0.module": {
      "url": "https://repo.maven.apache.org/maven2/org/junit/platform/junit-platform-commons/1.10.0/junit-platform-commons-1.10.0.module",
      "hash": "sha256-jLYNPfgdYG6hvj4/yuVpdlOxswPi96mCKn7RJkdF/Cc="
    },
    "junit-platform-commons-1.10.0.pom": {
      "url": "https://repo.maven.apache.org/maven2/org/junit/platform/junit-platform-commons/1.10.0/junit-platform-commons-1.10.0.pom",
      "hash": "sha256-vkEftVMxuqETp0wRkA8HVVhasg76cMJtlQ9a4hRJALA="
    }
  },
  "org.junit.platform:junit-platform-engine:1.10.0": {
    "junit-platform-engine-1.10.0.jar": {
      "url": "https://repo.maven.apache.org/maven2/org/junit/platform/junit-platform-engine/1.10.0/junit-platform-engine-1.10.0.jar",
      "hash": "sha256-zTOO/QLuc5Zup1TgwMceGhH0r125wgA+S2E34RkVWr4="
    },
    "junit-platform-engine-1.10.0.module": {
      "url": "https://repo.maven.apache.org/maven2/org/junit/platform/junit-platform-engine/1.10.0/junit-platform-engine-1.10.0.module",
      "hash": "sha256-duCMg/k91SuD6IW5AJIMHcheNoaID2ZTrysiMX9N3jc="
    },
    "junit-platform-engine-1.10.0.pom": {
      "url": "https://repo.maven.apache.org/maven2/org/junit/platform/junit-platform-engine/1.10.0/junit-platform-engine-1.10.0.pom",
      "hash": "sha256-+RGG4YGx4VrofVJ5uaKzDGLO1ROQE6NJoQu03hL6+YI="
    }
  },
  "org.junit.platform:junit-platform-launcher:1.10.0": {
    "junit-platform-launcher-1.10.0.jar": {
      "url": "https://repo.maven.apache.org/maven2/org/junit/platform/junit-platform-launcher/1.10.0/junit-platform-launcher-1.10.0.jar",
      "hash": "sha256-jGC2YawXBwGmNd/GdWXvu4yFtcXN1aSpV246AVxxEaQ="
    },
    "junit-platform-launcher-1.10.0.module": {
      "url": "https://repo.maven.apache.org/maven2/org/junit/platform/junit-platform-launcher/1.10.0/junit-platform-launcher-1.10.0.module",
      "hash": "sha256-9dy3QIxCQmA/mb1c3GNcQGbRioKNuF7TcAqo3T6vGmk="
    },
    "junit-platform-launcher-1.10.0.pom": {
      "url": "https://repo.maven.apache.org/maven2/org/junit/platform/junit-platform-launcher/1.10.0/junit-platform-launcher-1.10.0.pom",
      "hash": "sha256-Z3Xvl0dO7JwTo1If5iAPmqG4cegyc9q1VfgEgGW7wRI="
    }
  },
  "org.opentest4j:opentest4j:1.3.0": {
    "opentest4j-1.3.0.jar": {
      "url": "https://repo.maven.apache.org/maven2/org/opentest4j/opentest4j/1.3.0/opentest4j-1.3.0.jar",
      "hash": "sha256-SOLfY2yrZWPO1k3N/4q7I1VifLI27wvzdZhoLd90Lxs="
    },
    "opentest4j-1.3.0.module": {
      "url": "https://repo.maven.apache.org/maven2/org/opentest4j/opentest4j/1.3.0/opentest4j-1.3.0.module",
      "hash": "sha256-SL8dbItdyU90ZSvReQD2VN63FDUCSM9ej8onuQkMjg0="
    },
    "opentest4j-1.3.0.pom": {
      "url": "https://repo.maven.apache.org/maven2/org/opentest4j/opentest4j/1.3.0/opentest4j-1.3.0.pom",
      "hash": "sha256-m/fP/EEPPoNywlIleN+cpW2dQ72TfjCUhwbCMqlDs1U="
    }
  }
}